
Microsoft Visual Studio Solution File, Format Version 12.00
# Visual Studio Version 16
VisualStudioVersion = 16.0.31624.102
MinimumVisualStudioVersion = 10.0.40219.1
Project("{FAE04EC0-301F-11D3-BF4B-00C04F79EFBC}") = "CSh_lab01", "CSh_lab01\CSh_lab01.csproj", "{A109AAD9-342B-4D76-A031-519EB6669B83}"
EndProject
Global
	GlobalSection(SolutionConfigurationPlatforms) = preSolution
		Debug|Any CPU = Debug|Any CPU
		Release|Any CPU = Release|Any CPU
	EndGlobalSection
	GlobalSection(ProjectConfigurationPlatforms) = postSolution
		{A109AAD9-342B-4D76-A031-519EB6669B83}.Debug|Any CPU.ActiveCfg = Debug|Any CPU
		{A109AAD9-342B-4D76-A031-519EB6669B83}.Debug|Any CPU.Build.0 = Debug|Any CPU
		{A109AAD9-342B-4D76-A031-519EB6669B83}.Release|Any CPU.ActiveCfg = Release|Any CPU
		{A109AAD9-342B-4D76-A031-519EB6669B83}.Release|Any CPU.Build.0 = Release|Any CPU
	EndGlobalSection
	GlobalSection(SolutionProperties) = preSolution
		HideSolutionNode = FALSE
	EndGlobalSection
	GlobalSection(ExtensibilityGlobals) = postSolution
		SolutionGuid = {DAED23EB-D025-4AD1-91EE-69A297D6CD88}
	EndGlobalSection
EndGlobal
